
Microsoft Visual Studio Solution File, Format Version 12.00
# Visual Studio 15
VisualStudioVersion = 15.0.26430.13
MinimumVisualStudioVersion = 10.0.40219.1
Project("{FAE04EC0-301F-11D3-BF4B-00C04F79EFBC}") = "StoreSupportSystem", "StoreSupportSystem\StoreSupportSystem.csproj", "{9F611263-2929-4F62-90C4-6BFD03691F6D}"
EndProject
Project("{9A19103F-16F7-4668-BE54-9A1E7A4F7556}") = "StoreSupportSystemTests", "StoreSupportSystemTests\StoreSupportSystemTests.csproj", "{ED5F0083-C5EE-41F1-A84D-8FBBD69DA567}"
EndProject
Global
	GlobalSection(SolutionConfigurationPlatforms) = preSolution
		Debug|Any CPU = Debug|Any CPU
		Release|Any CPU = Release|Any CPU
	EndGlobalSection
	GlobalSection(ProjectConfigurationPlatforms) = postSolution
		{9F611263-2929-4F62-90C4-6BFD03691F6D}.Debug|Any CPU.ActiveCfg = Debug|Any CPU
		{9F611263-2929-4F62-90C4-6BFD03691F6D}.Debug|Any CPU.Build.0 = Debug|Any CPU
		{9F611263-2929-4F62-90C4-6BFD03691F6D}.Release|Any CPU.ActiveCfg = Release|Any CPU
		{9F611263-2929-4F62-90C4-6BFD03691F6D}.Release|Any CPU.Build.0 = Release|Any CPU
		{ED5F0083-C5EE-41F1-A84D-8FBBD69DA567}.Debug|Any CPU.ActiveCfg = Debug|Any CPU
		{ED5F0083-C5EE-41F1-A84D-8FBBD69DA567}.Debug|Any CPU.Build.0 = Debug|Any CPU
		{ED5F0083-C5EE-41F1-A84D-8FBBD69DA567}.Release|Any CPU.ActiveCfg = Release|Any CPU
		{ED5F0083-C5EE-41F1-A84D-8FBBD69DA567}.Release|Any CPU.Build.0 = Release|Any CPU
	EndGlobalSection
	GlobalSection(SolutionProperties) = preSolution
		HideSolutionNode = FALSE
	EndGlobalSection
EndGlobal
